
Microsoft Visual Studio Solution File, Format Version 12.00
# Visual Studio Version 16
VisualStudioVersion = 16.0.30717.126
MinimumVisualStudioVersion = 10.0.40219.1
Project("{FAE04EC0-301F-11D3-BF4B-00C04F79EFBC}") = "HomeTask_006_MainPart", "HomeTask_006_MainPart\HomeTask_006_MainPart.csproj", "{9873D68C-9580-499E-A115-B5C4FADC59C3}"
EndProject
Global
	GlobalSection(SolutionConfigurationPlatforms) = preSolution
		Debug|Any CPU = Debug|Any CPU
		Release|Any CPU = Release|Any CPU
	EndGlobalSection
	GlobalSection(ProjectConfigurationPlatforms) = postSolution
		{9873D68C-9580-499E-A115-B5C4FADC59C3}.Debug|Any CPU.ActiveCfg = Debug|Any CPU
		{9873D68C-9580-499E-A115-B5C4FADC59C3}.Debug|Any CPU.Build.0 = Debug|Any CPU
		{9873D68C-9580-499E-A115-B5C4FADC59C3}.Release|Any CPU.ActiveCfg = Release|Any CPU
		{9873D68C-9580-499E-A115-B5C4FADC59C3}.Release|Any CPU.Build.0 = Release|Any CPU
	EndGlobalSection
	GlobalSection(SolutionProperties) = preSolution
		HideSolutionNode = FALSE
	EndGlobalSection
	GlobalSection(ExtensibilityGlobals) = postSolution
		SolutionGuid = {AA269239-FC06-4C2F-BBC1-A1AA27AD3809}
	EndGlobalSection
EndGlobal
